
Microsoft Visual Studio Solution File, Format Version 12.00
# Visual Studio Version 16
VisualStudioVersion = 16.0.30225.117
MinimumVisualStudioVersion = 10.0.40219.1
Project("{FAE04EC0-301F-11D3-BF4B-00C04F79EFBC}") = "Lab06-IBuiltAZoo", "Lab06-IBuiltAZoo\Lab06-IBuiltAZoo.csproj", "{106C5A75-154F-47C1-8927-C2A17BBB6D11}"
EndProject
Project("{FAE04EC0-301F-11D3-BF4B-00C04F79EFBC}") = "ZooUnitTests", "ZooUnitTests\ZooUnitTests.csproj", "{A4B83D91-4BB4-4F1E-99B5-189F5AC398EF}"
EndProject
Global
	GlobalSection(SolutionConfigurationPlatforms) = preSolution
		Debug|Any CPU = Debug|Any CPU
		Release|Any CPU = Release|Any CPU
	EndGlobalSection
	GlobalSection(ProjectConfigurationPlatforms) = postSolution
		{106C5A75-154F-47C1-8927-C2A17BBB6D11}.Debug|Any CPU.ActiveCfg = Debug|Any CPU
		{106C5A75-154F-47C1-8927-C2A17BBB6D11}.Debug|Any CPU.Build.0 = Debug|Any CPU
		{106C5A75-154F-47C1-8927-C2A17BBB6D11}.Release|Any CPU.ActiveCfg = Release|Any CPU
		{106C5A75-154F-47C1-8927-C2A17BBB6D11}.Release|Any CPU.Build.0 = Release|Any CPU
		{A4B83D91-4BB4-4F1E-99B5-189F5AC398EF}.Debug|Any CPU.ActiveCfg = Debug|Any CPU
		{A4B83D91-4BB4-4F1E-99B5-189F5AC398EF}.Debug|Any CPU.Build.0 = Debug|Any CPU
		{A4B83D91-4BB4-4F1E-99B5-189F5AC398EF}.Release|Any CPU.ActiveCfg = Release|Any CPU
		{A4B83D91-4BB4-4F1E-99B5-189F5AC398EF}.Release|Any CPU.Build.0 = Release|Any CPU
	EndGlobalSection
	GlobalSection(SolutionProperties) = preSolution
		HideSolutionNode = FALSE
	EndGlobalSection
	GlobalSection(ExtensibilityGlobals) = postSolution
		SolutionGuid = {BF0938EB-D24B-492A-AC3A-ED2CAD719C8C}
	EndGlobalSection
EndGlobal
